
Microsoft Visual Studio Solution File, Format Version 12.00
Project("{2150E333-8FDC-42A3-9474-1A3956D46DE8}") = "src", "src", "{D7D9F123-405A-46A9-8A0F-B074B26FFF22}"
EndProject
Project("{2150E333-8FDC-42A3-9474-1A3956D46DE8}") = "tests", "tests", "{169C5050-A9D3-4C62-BAB7-760B603A2184}"
EndProject
Project("{2150E333-8FDC-42A3-9474-1A3956D46DE8}") = "presentation", "presentation", "{E2640975-068B-455B-8782-B0436DCB30CA}"
EndProject
Project("{2150E333-8FDC-42A3-9474-1A3956D46DE8}") = "core", "core", "{6579F1B7-6E81-40BD-9136-9C51DF85B963}"
EndProject
Project("{2150E333-8FDC-42A3-9474-1A3956D46DE8}") = "infrastructure", "infrastructure", "{346A0695-FB93-42F1-8857-AB3F9211336C}"
EndProject
Project("{FAE04EC0-301F-11D3-BF4B-00C04F79EFBC}") = "Persistence", "src\infrastructure\Persistence\Persistence.csproj", "{68B98814-DCF5-47BB-93D2-FA33C44AB115}"
EndProject
Project("{FAE04EC0-301F-11D3-BF4B-00C04F79EFBC}") = "Domain", "src\core\Domain\Domain.csproj", "{4483A7CD-EB22-4A99-BBA7-67448E8B1660}"
EndProject
Project("{FAE04EC0-301F-11D3-BF4B-00C04F79EFBC}") = "WebApi", "src\presentation\WebApi\WebApi.csproj", "{4280D47A-4DEF-4B8E-B4CF-56F2FF7F00C0}"
EndProject
Project("{FAE04EC0-301F-11D3-BF4B-00C04F79EFBC}") = "Application", "src\core\Application\Application.csproj", "{DC12A28D-E399-4ABB-BDD1-7EFC9FC762A8}"
EndProject
Project("{FAE04EC0-301F-11D3-BF4B-00C04F79EFBC}") = "TelegramBot", "src\infrastructure\TelegramBot\TelegramBot.csproj", "{A3A3ABFB-C531-42D2-9259-C6D5AC6D0231}"
EndProject
Project("{FAE04EC0-301F-11D3-BF4B-00C04F79EFBC}") = "Services", "src\infrastructure\Services\Services.csproj", "{E4BE5DBE-9F8F-4E5E-84FC-9EBB6CA5C5AD}"
EndProject
Project("{2150E333-8FDC-42A3-9474-1A3956D46DE8}") = "nuget", "nuget", "{C08C6176-6968-4929-8184-F0EA44C3B903}"
EndProject
Project("{FAE04EC0-301F-11D3-BF4B-00C04F79EFBC}") = "Neftm.Telegram.Notificator", "nuget\Neftm.Telegram.Notificator\Neftm.Telegram.Notificator.csproj", "{3662716B-6D43-41F6-8110-F2EC2848DBDE}"
EndProject
Project("{FAE04EC0-301F-11D3-BF4B-00C04F79EFBC}") = "Gitlab", "src\infrastructure\Gitlab\Gitlab.csproj", "{55DBB8DA-CAA5-4CFA-9FAB-A8E823736EF8}"
EndProject
Project("{FAE04EC0-301F-11D3-BF4B-00C04F79EFBC}") = "Bll", "src\infrastructure\Bll\Bll.csproj", "{AAEF010F-1760-4698-AA47-48361BDFA3E8}"
EndProject
Global
	GlobalSection(SolutionConfigurationPlatforms) = preSolution
		Debug|Any CPU = Debug|Any CPU
		Release|Any CPU = Release|Any CPU
	EndGlobalSection
	GlobalSection(NestedProjects) = preSolution
		{E2640975-068B-455B-8782-B0436DCB30CA} = {D7D9F123-405A-46A9-8A0F-B074B26FFF22}
		{6579F1B7-6E81-40BD-9136-9C51DF85B963} = {D7D9F123-405A-46A9-8A0F-B074B26FFF22}
		{346A0695-FB93-42F1-8857-AB3F9211336C} = {D7D9F123-405A-46A9-8A0F-B074B26FFF22}
		{68B98814-DCF5-47BB-93D2-FA33C44AB115} = {346A0695-FB93-42F1-8857-AB3F9211336C}
		{4483A7CD-EB22-4A99-BBA7-67448E8B1660} = {6579F1B7-6E81-40BD-9136-9C51DF85B963}
		{4280D47A-4DEF-4B8E-B4CF-56F2FF7F00C0} = {E2640975-068B-455B-8782-B0436DCB30CA}
		{DC12A28D-E399-4ABB-BDD1-7EFC9FC762A8} = {6579F1B7-6E81-40BD-9136-9C51DF85B963}
		{A3A3ABFB-C531-42D2-9259-C6D5AC6D0231} = {346A0695-FB93-42F1-8857-AB3F9211336C}
		{E4BE5DBE-9F8F-4E5E-84FC-9EBB6CA5C5AD} = {346A0695-FB93-42F1-8857-AB3F9211336C}
		{3662716B-6D43-41F6-8110-F2EC2848DBDE} = {C08C6176-6968-4929-8184-F0EA44C3B903}
		{55DBB8DA-CAA5-4CFA-9FAB-A8E823736EF8} = {346A0695-FB93-42F1-8857-AB3F9211336C}
		{AAEF010F-1760-4698-AA47-48361BDFA3E8} = {346A0695-FB93-42F1-8857-AB3F9211336C}
	EndGlobalSection
	GlobalSection(ProjectConfigurationPlatforms) = postSolution
		{68B98814-DCF5-47BB-93D2-FA33C44AB115}.Debug|Any CPU.ActiveCfg = Debug|Any CPU
		{68B98814-DCF5-47BB-93D2-FA33C44AB115}.Debug|Any CPU.Build.0 = Debug|Any CPU
		{68B98814-DCF5-47BB-93D2-FA33C44AB115}.Release|Any CPU.ActiveCfg = Release|Any CPU
		{68B98814-DCF5-47BB-93D2-FA33C44AB115}.Release|Any CPU.Build.0 = Release|Any CPU
		{4483A7CD-EB22-4A99-BBA7-67448E8B1660}.Debug|Any CPU.ActiveCfg = Debug|Any CPU
		{4483A7CD-EB22-4A99-BBA7-67448E8B1660}.Debug|Any CPU.Build.0 = Debug|Any CPU
		{4483A7CD-EB22-4A99-BBA7-67448E8B1660}.Release|Any CPU.ActiveCfg = Release|Any CPU
		{4483A7CD-EB22-4A99-BBA7-67448E8B1660}.Release|Any CPU.Build.0 = Release|Any CPU
		{4280D47A-4DEF-4B8E-B4CF-56F2FF7F00C0}.Debug|Any CPU.ActiveCfg = Debug|Any CPU
		{4280D47A-4DEF-4B8E-B4CF-56F2FF7F00C0}.Debug|Any CPU.Build.0 = Debug|Any CPU
		{4280D47A-4DEF-4B8E-B4CF-56F2FF7F00C0}.Release|Any CPU.ActiveCfg = Release|Any CPU
		{4280D47A-4DEF-4B8E-B4CF-56F2FF7F00C0}.Release|Any CPU.Build.0 = Release|Any CPU
		{DC12A28D-E399-4ABB-BDD1-7EFC9FC762A8}.Debug|Any CPU.ActiveCfg = Debug|Any CPU
		{DC12A28D-E399-4ABB-BDD1-7EFC9FC762A8}.Debug|Any CPU.Build.0 = Debug|Any CPU
		{DC12A28D-E399-4ABB-BDD1-7EFC9FC762A8}.Release|Any CPU.ActiveCfg = Release|Any CPU
		{DC12A28D-E399-4ABB-BDD1-7EFC9FC762A8}.Release|Any CPU.Build.0 = Release|Any CPU
		{A3A3ABFB-C531-42D2-9259-C6D5AC6D0231}.Debug|Any CPU.ActiveCfg = Debug|Any CPU
		{A3A3ABFB-C531-42D2-9259-C6D5AC6D0231}.Debug|Any CPU.Build.0 = Debug|Any CPU
		{A3A3ABFB-C531-42D2-9259-C6D5AC6D0231}.Release|Any CPU.ActiveCfg = Release|Any CPU
		{A3A3ABFB-C531-42D2-9259-C6D5AC6D0231}.Release|Any CPU.Build.0 = Release|Any CPU
		{E4BE5DBE-9F8F-4E5E-84FC-9EBB6CA5C5AD}.Debug|Any CPU.ActiveCfg = Debug|Any CPU
		{E4BE5DBE-9F8F-4E5E-84FC-9EBB6CA5C5AD}.Debug|Any CPU.Build.0 = Debug|Any CPU
		{E4BE5DBE-9F8F-4E5E-84FC-9EBB6CA5C5AD}.Release|Any CPU.ActiveCfg = Release|Any CPU
		{E4BE5DBE-9F8F-4E5E-84FC-9EBB6CA5C5AD}.Release|Any CPU.Build.0 = Release|Any CPU
		{3662716B-6D43-41F6-8110-F2EC2848DBDE}.Debug|Any CPU.ActiveCfg = Debug|Any CPU
		{3662716B-6D43-41F6-8110-F2EC2848DBDE}.Debug|Any CPU.Build.0 = Debug|Any CPU
		{3662716B-6D43-41F6-8110-F2EC2848DBDE}.Release|Any CPU.ActiveCfg = Release|Any CPU
		{3662716B-6D43-41F6-8110-F2EC2848DBDE}.Release|Any CPU.Build.0 = Release|Any CPU
		{55DBB8DA-CAA5-4CFA-9FAB-A8E823736EF8}.Debug|Any CPU.ActiveCfg = Debug|Any CPU
		{55DBB8DA-CAA5-4CFA-9FAB-A8E823736EF8}.Debug|Any CPU.Build.0 = Debug|Any CPU
		{55DBB8DA-CAA5-4CFA-9FAB-A8E823736EF8}.Release|Any CPU.ActiveCfg = Release|Any CPU
		{55DBB8DA-CAA5-4CFA-9FAB-A8E823736EF8}.Release|Any CPU.Build.0 = Release|Any CPU
		{AAEF010F-1760-4698-AA47-48361BDFA3E8}.Debug|Any CPU.ActiveCfg = Debug|Any CPU
		{AAEF010F-1760-4698-AA47-48361BDFA3E8}.Debug|Any CPU.Build.0 = Debug|Any CPU
		{AAEF010F-1760-4698-AA47-48361BDFA3E8}.Release|Any CPU.ActiveCfg = Release|Any CPU
		{AAEF010F-1760-4698-AA47-48361BDFA3E8}.Release|Any CPU.Build.0 = Release|Any CPU
	EndGlobalSection
EndGlobal
